// !$*UTF8*$!
{
	archiveVersion = 1;
	classes = {
	};
	objectVersion = 50;
	objects = {

/* Begin PBXBuildFile section */
		4050FD512167D12000C2D840 /* AppDelegate.swift in Sources */ = {isa = PBXBuildFile; fileRef = 4050FD502167D12000C2D840 /* AppDelegate.swift */; };
		4050FD532167D12000C2D840 /* ViewController.swift in Sources */ = {isa = PBXBuildFile; fileRef = 4050FD522167D12000C2D840 /* ViewController.swift */; };
		4050FD562167D12000C2D840 /* Main.storyboard in Resources */ = {isa = PBXBuildFile; fileRef = 4050FD542167D12000C2D840 /* Main.storyboard */; };
		4050FD582167D12000C2D840 /* Assets.xcassets in Resources */ = {isa = PBXBuildFile; fileRef = 4050FD572167D12000C2D840 /* Assets.xcassets */; };
		4050FD5B2167D12000C2D840 /* LaunchScreen.storyboard in Resources */ = {isa = PBXBuildFile; fileRef = 4050FD592167D12000C2D840 /* LaunchScreen.storyboard */; };
		4050FD662167D12000C2D840 /* WarTests.swift in Sources */ = {isa = PBXBuildFile; fileRef = 4050FD652167D12000C2D840 /* WarTests.swift */; };
		4050FD712167D12000C2D840 /* WarUITests.swift in Sources */ = {isa = PBXBuildFile; fileRef = 4050FD702167D12000C2D840 /* WarUITests.swift */; };
/* End PBXBuildFile section */

/* Begin PBXContainerItemProxy section */
		4050FD622167D12000C2D840 /* PBXContainerItemProxy */ = {
			isa = PBXContainerItemProxy;
			containerPortal = 4050FD452167D12000C2D840 /* Project object */;
			proxyType = 1;
			remoteGlobalIDString = 4050FD4C2167D12000C2D840;
			remoteInfo = War;
		};
		4050FD6D2167D12000C2D840 /* PBXContainerItemProxy */ = {
			isa = PBXContainerItemProxy;
			containerPortal = 4050FD452167D12000C2D840 /* Project object */;
			proxyType = 1;
			remoteGlobalIDString = 4050FD4C2167D12000C2D840;
			remoteInfo = War;
		};
/* End PBXContainerItemProxy section */

/* Begin PBXFileReference section */
		4050FD4D2167D12000C2D840 /* War.app */ = {isa = PBXFileReference; explicitFileType = wrapper.application; includeInIndex = 0; path = War.app; sourceTree = BUILT_PRODUCTS_DIR; };
		4050FD502167D12000C2D840 /* AppDelegate.swift */ = {isa = PBXFileReference; lastKnownFileType = sourcecode.swift; path = AppDelegate.swift; sourceTree = "<group>"; };
		4050FD522167D12000C2D840 /* ViewController.swift */ = {isa = PBXFileReference; lastKnownFileType = sourcecode.swift; path = ViewController.swift; sourceTree = "<group>"; };
		4050FD552167D12000C2D840 /* Base */ = {isa = PBXFileReference; lastKnownFileType = file.storyboard; name = Base; path = Base.lproj/Main.storyboard; sourceTree = "<group>"; };
		4050FD572167D12000C2D840 /* Assets.xcassets */ = {isa = PBXFileReference; lastKnownFileType = folder.assetcatalog; path = Assets.xcassets; sourceTree = "<group>"; };
		4050FD5A2167D12000C2D840 /* Base */ = {isa = PBXFileReference; lastKnownFileType = file.storyboard; name = Base; path = Base.lproj/LaunchScreen.storyboard; sourceTree = "<group>"; };
		4050FD5C2167D12000C2D840 /* Info.plist */ = {isa = PBXFileReference; lastKnownFileType = text.plist.xml; path = Info.plist; sourceTree = "<group>"; };
		4050FD612167D12000C2D840 /* WarTests.xctest */ = {isa = PBXFileReference; explicitFileType = wrapper.cfbundle; includeInIndex = 0; path = WarTests.xctest; sourceTree = BUILT_PRODUCTS_DIR; };
		4050FD652167D12000C2D840 /* WarTests.swift */ = {isa = PBXFileReference; lastKnownFileType = sourcecode.swift; path = WarTests.swift; sourceTree = "<group>"; };
		4050FD672167D12000C2D840 /* Info.plist */ = {isa = PBXFileReference; lastKnownFileType = text.plist.xml; path = Info.plist; sourceTree = "<group>"; };
		4050FD6C2167D12000C2D840 /* WarUITests.xctest */ = {isa = PBXFileReference; explicitFileType = wrapper.cfbundle; includeInIndex = 0; path = WarUITests.xctest; sourceTree = BUILT_PRODUCTS_DIR; };
		4050FD702167D12000C2D840 /* WarUITests.swift */ = {isa = PBXFileReference; lastKnownFileType = sourcecode.swift; path = WarUITests.swift; sourceTree = "<group>"; };
		4050FD722167D12000C2D840 /* Info.plist */ = {isa = PBXFileReference; lastKnownFileType = text.plist.xml; path = Info.plist; sourceTree = "<group>"; };
/* End PBXFileReference section */

/* Begin PBXFrameworksBuildPhase section */
		4050FD4A2167D12000C2D840 /* Frameworks */ = {
			isa = PBXFrameworksBuildPhase;
			buildActionMask = 2147483647;
			files = (
			);
			runOnlyForDeploymentPostprocessing = 0;
		};
		4050FD5E2167D12000C2D840 /* Frameworks */ = {
			isa = PBXFrameworksBuildPhase;
			buildActionMask = 2147483647;
			files = (
			);
			runOnlyForDeploymentPostprocessing = 0;
		};
		4050FD692167D12000C2D840 /* Frameworks */ = {
			isa = PBXFrameworksBuildPhase;
			buildActionMask = 2147483647;
			files = (
			);
			runOnlyForDeploymentPostprocessing = 0;
		};
/* End PBXFrameworksBuildPhase section */

/* Begin PBXGroup section */
		4050FD442167D12000C2D840 = {
			isa = PBXGroup;
			children = (
				4050FD4F2167D12000C2D840 /* War */,
				4050FD642167D12000C2D840 /* WarTests */,
				4050FD6F2167D12000C2D840 /* WarUITests */,
				4050FD4E2167D12000C2D840 /* Products */,
			);
			sourceTree = "<group>";
		};
		4050FD4E2167D12000C2D840 /* Products */ = {
			isa = PBXGroup;
			children = (
				4050FD4D2167D12000C2D840 /* War.app */,
				4050FD612167D12000C2D840 /* WarTests.xctest */,
				4050FD6C2167D12000C2D840 /* WarUITests.xctest */,
			);
			name = Products;
			sourceTree = "<group>";
		};
		4050FD4F2167D12000C2D840 /* War */ = {
			isa = PBXGroup;
			children = (
				4050FD502167D12000C2D840 /* AppDelegate.swift */,
				4050FD522167D12000C2D840 /* ViewController.swift */,
				4050FD542167D12000C2D840 /* Main.storyboard */,
				4050FD572167D12000C2D840 /* Assets.xcassets */,
				4050FD592167D12000C2D840 /* LaunchScreen.storyboard */,
				4050FD5C2167D12000C2D840 /* Info.plist */,
			);
			path = War;
			sourceTree = "<group>";
		};
		4050FD642167D12000C2D840 /* WarTests */ = {
			isa = PBXGroup;
			children = (
				4050FD652167D12000C2D840 /* WarTests.swift */,
				4050FD672167D12000C2D840 /* Info.plist */,
			);
			path = WarTests;
			sourceTree = "<group>";
		};
		4050FD6F2167D12000C2D840 /* WarUITests */ = {
			isa = PBXGroup;
			children = (
				4050FD702167D12000C2D840 /* WarUITests.swift */,
				4050FD722167D12000C2D840 /* Info.plist */,
			);
			path = WarUITests;
			sourceTree = "<group>";
		};
/* End PBXGroup section */

/* Begin PBXNativeTarget section */
		4050FD4C2167D12000C2D840 /* War */ = {
			isa = PBXNativeTarget;
			buildConfigurationList = 4050FD752167D12000C2D840 /* Build configuration list for PBXNativeTarget "War" */;
			buildPhases = (
				4050FD492167D12000C2D840 /* Sources */,
				4050FD4A2167D12000C2D840 /* Frameworks */,
				4050FD4B2167D12000C2D840 /* Resources */,
			);
			buildRules = (
			);
			dependencies = (
			);
			name = War;
			productName = War;
			productReference = 4050FD4D2167D12000C2D840 /* War.app */;
			productType = "com.apple.product-type.application";
		};
		4050FD602167D12000C2D840 /* WarTests */ = {
			isa = PBXNativeTarget;
			buildConfigurationList = 4050FD782167D12000C2D840 /* Build configuration list for PBXNativeTarget "WarTests" */;
			buildPhases = (
				4050FD5D2167D12000C2D840 /* Sources */,
				4050FD5E2167D12000C2D840 /* Frameworks */,
				4050FD5F2167D12000C2D840 /* Resources */,
			);
			buildRules = (
			);
			dependencies = (
				4050FD632167D12000C2D840 /* PBXTargetDependency */,
			);
			name = WarTests;
			productName = WarTests;
			productReference = 4050FD612167D12000C2D840 /* WarTests.xctest */;
			productType = "com.apple.product-type.bundle.unit-test";
		};
		4050FD6B2167D12000C2D840 /* WarUITests */ = {
			isa = PBXNativeTarget;
			buildConfigurationList = 4050FD7B2167D12000C2D840 /* Build configuration list for PBXNativeTarget "WarUITests" */;
			buildPhases = (
				4050FD682167D12000C2D840 /* Sources */,
				4050FD692167D12000C2D840 /* Frameworks */,
				4050FD6A2167D12000C2D840 /* Resources */,
			);
			buildRules = (
			);
			dependencies = (
				4050FD6E2167D12000C2D840 /* PBXTargetDependency */,
			);
			name = WarUITests;
			productName = WarUITests;
			productReference = 4050FD6C2167D12000C2D840 /* WarUITests.xctest */;
			productType = "com.apple.product-type.bundle.ui-testing";
		};
/* End PBXNativeTarget section */

/* Begin PBXProject section */
		4050FD452167D12000C2D840 /* Project object */ = {
			isa = PBXProject;
			attributes = {
				LastSwiftUpdateCheck = 0940;
				LastUpgradeCheck = 0940;
				ORGANIZATIONNAME = "Patil, Yash M";
				TargetAttributes = {
					4050FD4C2167D12000C2D840 = {
						CreatedOnToolsVersion = 9.4.1;
					};
					4050FD602167D12000C2D840 = {
						CreatedOnToolsVersion = 9.4.1;
						TestTargetID = 4050FD4C2167D12000C2D840;
					};
					4050FD6B2167D12000C2D840 = {
						CreatedOnToolsVersion = 9.4.1;
						TestTargetID = 4050FD4C2167D12000C2D840;
					};
				};
			};
			buildConfigurationList = 4050FD482167D12000C2D840 /* Build configuration list for PBXProject "War" */;
			compatibilityVersion = "Xcode 9.3";
			developmentRegion = en;
			hasScannedForEncodings = 0;
			knownRegions = (
				en,
				Base,
			);
			mainGroup = 4050FD442167D12000C2D840;
			productRefGroup = 4050FD4E2167D12000C2D840 /* Products */;
			projectDirPath = "";
			projectRoot = "";
			targets = (
				4050FD4C2167D12000C2D840 /* War */,
				4050FD602167D12000C2D840 /* WarTests */,
				4050FD6B2167D12000C2D840 /* WarUITests */,
			);
		};
/* End PBXProject section */

/* Begin PBXResourcesBuildPhase section */
		4050FD4B2167D12000C2D840 /* Resources */ = {
			isa = PBXResourcesBuildPhase;
			buildActionMask = 2147483647;
			files = (
				4050FD5B2167D12000C2D840 /* LaunchScreen.storyboard in Resources */,
				4050FD582167D12000C2D840 /* Assets.xcassets in Resources */,
				4050FD562167D12000C2D840 /* Main.storyboard in Resources */,
			);
			runOnlyForDeploymentPostprocessing = 0;
		};
		4050FD5F2167D12000C2D840 /* Resources */ = {
			isa = PBXResourcesBuildPhase;
			buildActionMask = 2147483647;
			files = (
			);
			runOnlyForDeploymentPostprocessing = 0;
		};
		4050FD6A2167D12000C2D840 /* Resources */ = {
			isa = PBXResourcesBuildPhase;
			buildActionMask = 2147483647;
			files = (
			);
			runOnlyForDeploymentPostprocessing = 0;
		};
/* End PBXResourcesBuildPhase section */

/* Begin PBXSourcesBuildPhase section */
		4050FD492167D12000C2D840 /* Sources */ = {
			isa = PBXSourcesBuildPhase;
			buildActionMask = 2147483647;
			files = (
				4050FD532167D12000C2D840 /* ViewController.swift in Sources */,
				4050FD512167D12000C2D840 /* AppDelegate.swift in Sources */,
			);
			runOnlyForDeploymentPostprocessing = 0;
		};
		4050FD5D2167D12000C2D840 /* Sources */ = {
			isa = PBXSourcesBuildPhase;
			buildActionMask = 2147483647;
			files = (
				4050FD662167D12000C2D840 /* WarTests.swift in Sources */,
			);
			runOnlyForDeploymentPostprocessing = 0;
		};
		4050FD682167D12000C2D840 /* Sources */ = {
			isa = PBXSourcesBuildPhase;
			buildActionMask = 2147483647;
			files = (
				4050FD712167D12000C2D840 /* WarUITests.swift in Sources */,
			);
			runOnlyForDeploymentPostprocessing = 0;
		};
/* End PBXSourcesBuildPhase section */

/* Begin PBXTargetDependency section */
		4050FD632167D12000C2D840 /* PBXTargetDependency */ = {
			isa = PBXTargetDependency;
			target = 4050FD4C2167D12000C2D840 /* War */;
			targetProxy = 4050FD622167D12000C2D840 /* PBXContainerItemProxy */;
		};
		4050FD6E2167D12000C2D840 /* PBXTargetDependency */ = {
			isa = PBXTargetDependency;
			target = 4050FD4C2167D12000C2D840 /* War */;
			targetProxy = 4050FD6D2167D12000C2D840 /* PBXContainerItemProxy */;
		};
/* End PBXTargetDependency section */

/* Begin PBXVariantGroup section */
		4050FD542167D12000C2D840 /* Main.storyboard */ = {
			isa = PBXVariantGroup;
			children = (
				4050FD552167D12000C2D840 /* Base */,
			);
			name = Main.storyboard;
			sourceTree = "<group>";
		};
		4050FD592167D12000C2D840 /* LaunchScreen.storyboard */ = {
			isa = PBXVariantGroup;
			children = (
				4050FD5A2167D12000C2D840 /* Base */,
			);
			name = LaunchScreen.storyboard;
			sourceTree = "<group>";
		};
/* End PBXVariantGroup section */

/* Begin XCBuildConfiguration section */
		4050FD732167D12000C2D840 /* Debug */ = {
			isa = XCBuildConfiguration;
			buildSettings = {
				ALWAYS_SEARCH_USER_PATHS = NO;
				CLANG_ANALYZER_NONNULL = YES;
				CLANG_ANALYZER_NUMBER_OBJECT_CONVERSION = YES_AGGRESSIVE;
				CLANG_CXX_LANGUAGE_STANDARD = "gnu++14";
				CLANG_CXX_LIBRARY = "libc++";
				CLANG_ENABLE_MODULES = YES;
				CLANG_ENABLE_OBJC_ARC = YES;
				CLANG_ENABLE_OBJC_WEAK = YES;
				CLANG_WARN_BLOCK_CAPTURE_AUTORELEASING = YES;
				CLANG_WARN_BOOL_CONVERSION = YES;
				CLANG_WARN_COMMA = YES;
				CLANG_WARN_CONSTANT_CONVERSION = YES;
				CLANG_WARN_DEPRECATED_OBJC_IMPLEMENTATIONS = YES;
				CLANG_WARN_DIRECT_OBJC_ISA_USAGE = YES_ERROR;
				CLANG_WARN_DOCUMENTATION_COMMENTS = YES;
				CLANG_WARN_EMPTY_BODY = YES;
				CLANG_WARN_ENUM_CONVERSION = YES;
				CLANG_WARN_INFINITE_RECURSION = YES;
				CLANG_WARN_INT_CONVERSION = YES;
				CLANG_WARN_NON_LITERAL_NULL_CONVERSION = YES;
				CLANG_WARN_OBJC_IMPLICIT_RETAIN_SELF = YES;
				CLANG_WARN_OBJC_LITERAL_CONVERSION = YES;
				CLANG_WARN_OBJC_ROOT_CLASS = YES_ERROR;
				CLANG_WARN_RANGE_LOOP_ANALYSIS = YES;
				CLANG_WARN_STRICT_PROTOTYPES = YES;
				CLANG_WARN_SUSPICIOUS_MOVE = YES;
				CLANG_WARN_UNGUARDED_AVAILABILITY = YES_AGGRESSIVE;
				CLANG_WARN_UNREACHABLE_CODE = YES;
				CLANG_WARN__DUPLICATE_METHOD_MATCH = YES;
				CODE_SIGN_IDENTITY = "iPhone Developer";
				COPY_PHASE_STRIP = NO;
				DEBUG_INFORMATION_FORMAT = dwarf;
				ENABLE_STRICT_OBJC_MSGSEND = YES;
				ENABLE_TESTABILITY = YES;
				GCC_C_LANGUAGE_STANDARD = gnu11;
				GCC_DYNAMIC_NO_PIC = NO;
				GCC_NO_COMMON_BLOCKS = YES;
				GCC_OPTIMIZATION_LEVEL = 0;
				GCC_PREPROCESSOR_DEFINITIONS = (
					"DEBUG=1",
					"$(inherited)",
				);
				GCC_WARN_64_TO_32_BIT_CONVERSION = YES;
				GCC_WARN_ABOUT_RETURN_TYPE = YES_ERROR;
				GCC_WARN_UNDECLARED_SELECTOR = YES;
				GCC_WARN_UNINITIALIZED_AUTOS = YES_AGGRESSIVE;
				GCC_WARN_UNUSED_FUNCTION = YES;
				GCC_WARN_UNUSED_VARIABLE = YES;
				IPHONEOS_DEPLOYMENT_TARGET = 11.4;
				MTL_ENABLE_DEBUG_INFO = YES;
				ONLY_ACTIVE_ARCH = YES;
				SDKROOT = iphoneos;
				SWIFT_ACTIVE_COMPILATION_CONDITIONS = DEBUG;
				SWIFT_OPTIMIZATION_LEVEL = "-Onone";
			};
			name = Debug;
		};
		4050FD742167D12000C2D840 /* Release */ = {
			isa = XCBuildConfiguration;
			buildSettings = {
				ALWAYS_SEARCH_USER_PATHS = NO;
				CLANG_ANALYZER_NONNULL = YES;
				CLANG_ANALYZER_NUMBER_OBJECT_CONVERSION = YES_AGGRESSIVE;
				CLANG_CXX_LANGUAGE_STANDARD = "gnu++14";
				CLANG_CXX_LIBRARY = "libc++";
				CLANG_ENABLE_MODULES = YES;
				CLANG_ENABLE_OBJC_ARC = YES;
				CLANG_ENABLE_OBJC_WEAK = YES;
				CLANG_WARN_BLOCK_CAPTURE_AUTORELEASING = YES;
				CLANG_WARN_BOOL_CONVERSION = YES;
				CLANG_WARN_COMMA = YES;
				CLANG_WARN_CONSTANT_CONVERSION = YES;
				CLANG_WARN_DEPRECATED_OBJC_IMPLEMENTATIONS = YES;
				CLANG_WARN_DIRECT_OBJC_ISA_USAGE = YES_ERROR;
				CLANG_WARN_DOCUMENTATION_COMMENTS = YES;
				CLANG_WARN_EMPTY_BODY = YES;
				CLANG_WARN_ENUM_CONVERSION = YES;
				CLANG_WARN_INFINITE_RECURSION = YES;
				CLANG_WARN_INT_CONVERSION = YES;
				CLANG_WARN_NON_LITERAL_NULL_CONVERSION = YES;
				CLANG_WARN_OBJC_IMPLICIT_RETAIN_SELF = YES;
				CLANG_WARN_OBJC_LITERAL_CONVERSION = YES;
				CLANG_WARN_OBJC_ROOT_CLASS = YES_ERROR;
				CLANG_WARN_RANGE_LOOP_ANALYSIS = YES;
				CLANG_WARN_STRICT_PROTOTYPES = YES;
				CLANG_WARN_SUSPICIOUS_MOVE = YES;
				CLANG_WARN_UNGUARDED_AVAILABILITY = YES_AGGRESSIVE;
				CLANG_WARN_UNREACHABLE_CODE = YES;
				CLANG_WARN__DUPLICATE_METHOD_MATCH = YES;
				CODE_SIGN_IDENTITY = "iPhone Developer";
				COPY_PHASE_STRIP = NO;
				DEBUG_INFORMATION_FORMAT = "dwarf-with-dsym";
				ENABLE_NS_ASSERTIONS = NO;
				ENABLE_STRICT_OBJC_MSGSEND = YES;
				GCC_C_LANGUAGE_STANDARD = gnu11;
				GCC_NO_COMMON_BLOCKS = YES;
				GCC_WARN_64_TO_32_BIT_CONVERSION = YES;
				GCC_WARN_ABOUT_RETURN_TYPE = YES_ERROR;
				GCC_WARN_UNDECLARED_SELECTOR = YES;
				GCC_WARN_UNINITIALIZED_AUTOS = YES_AGGRESSIVE;
				GCC_WARN_UNUSED_FUNCTION = YES;
				GCC_WARN_UNUSED_VARIABLE = YES;
				IPHONEOS_DEPLOYMENT_TARGET = 11.4;
				MTL_ENABLE_DEBUG_INFO = NO;
				SDKROOT = iphoneos;
				SWIFT_COMPILATION_MODE = wholemodule;
				SWIFT_OPTIMIZATION_LEVEL = "-O";
				VALIDATE_PRODUCT = YES;
			};
			name = Release;
		};
		4050FD762167D12000C2D840 /* Debug */ = {
			isa = XCBuildConfiguration;
			buildSettings = {
				ASSETCATALOG_COMPILER_APPICON_NAME = AppIcon;
				CODE_SIGN_STYLE = Automatic;
				INFOPLIST_FILE = War/Info.plist;
				LD_RUNPATH_SEARCH_PATHS = (
					"$(inherited)",
					"@executable_path/Frameworks",
				);
				PRODUCT_BUNDLE_IDENTIFIER = warApp.War;
				PRODUCT_NAME = "$(TARGET_NAME)";
				SWIFT_VERSION = 4.0;
				TARGETED_DEVICE_FAMILY = "1,2";
			};
			name = Debug;
		};
		4050FD772167D12000C2D840 /* Release */ = {
			isa = XCBuildConfiguration;
			buildSettings = {
				ASSETCATALOG_COMPILER_APPICON_NAME = AppIcon;
				CODE_SIGN_STYLE = Automatic;
				INFOPLIST_FILE = War/Info.plist;
				LD_RUNPATH_SEARCH_PATHS = (
					"$(inherited)",
					"@executable_path/Frameworks",
				);
				PRODUCT_BUNDLE_IDENTIFIER = warApp.War;
				PRODUCT_NAME = "$(TARGET_NAME)";
				SWIFT_VERSION = 4.0;
				TARGETED_DEVICE_FAMILY = "1,2";
			};
			name = Release;
		};
		4050FD792167D12000C2D840 /* Debug */ = {
			isa = XCBuildConfiguration;
			buildSettings = {
				ALWAYS_EMBED_SWIFT_STANDARD_LIBRARIES = YES;
				BUNDLE_LOADER = "$(TEST_HOST)";
				CODE_SIGN_STYLE = Automatic;
				INFOPLIST_FILE = WarTests/Info.plist;
				LD_RUNPATH_SEARCH_PATHS = (
					"$(inherited)",
					"@executable_path/Frameworks",
					"@loader_path/Frameworks",
				);
				PRODUCT_BUNDLE_IDENTIFIER = warApp.WarTests;
				PRODUCT_NAME = "$(TARGET_NAME)";
				SWIFT_VERSION = 4.0;
				TARGETED_DEVICE_FAMILY = "1,2";
				TEST_HOST = "$(BUILT_PRODUCTS_DIR)/War.app/War";
			};
			name = Debug;
		};
		4050FD7A2167D12000C2D840 /* Release */ = {
			isa = XCBuildConfiguration;
			buildSettings = {
				ALWAYS_EMBED_SWIFT_STANDARD_LIBRARIES = YES;
				BUNDLE_LOADER = "$(TEST_HOST)";
				CODE_SIGN_STYLE = Automatic;
				INFOPLIST_FILE = WarTests/Info.plist;
				LD_RUNPATH_SEARCH_PATHS = (
					"$(inherited)",
					"@executable_path/Frameworks",
					"@loader_path/Frameworks",
				);
				PRODUCT_BUNDLE_IDENTIFIER = warApp.WarTests;
				PRODUCT_NAME = "$(TARGET_NAME)";
				SWIFT_VERSION = 4.0;
				TARGETED_DEVICE_FAMILY = "1,2";
				TEST_HOST = "$(BUILT_PRODUCTS_DIR)/War.app/War";
			};
			name = Release;
		};
		4050FD7C2167D12000C2D840 /* Debug */ = {
			isa = XCBuildConfiguration;
			buildSettings = {
				ALWAYS_EMBED_SWIFT_STANDARD_LIBRARIES = YES;
				CODE_SIGN_STYLE = Automatic;
				INFOPLIST_FILE = WarUITests/Info.plist;
				LD_RUNPATH_SEARCH_PATHS = (
					"$(inherited)",
					"@executable_path/Frameworks",
					"@loader_path/Frameworks",
				);
				PRODUCT_BUNDLE_IDENTIFIER = warApp.WarUITests;
				PRODUCT_NAME = "$(TARGET_NAME)";
				SWIFT_VERSION = 4.0;
				TARGETED_DEVICE_FAMILY = "1,2";
				TEST_TARGET_NAME = War;
			};
			name = Debug;
		};
		4050FD7D2167D12000C2D840 /* Release */ = {
			isa = XCBuildConfiguration;
			buildSettings = {
				ALWAYS_EMBED_SWIFT_STANDARD_LIBRARIES = YES;
				CODE_SIGN_STYLE = Automatic;
				INFOPLIST_FILE = WarUITests/Info.plist;
				LD_RUNPATH_SEARCH_PATHS = (
					"$(inherited)",
					"@executable_path/Frameworks",
					"@loader_path/Frameworks",
				);
				PRODUCT_BUNDLE_IDENTIFIER = warApp.WarUITests;
				PRODUCT_NAME = "$(TARGET_NAME)";
				SWIFT_VERSION = 4.0;
				TARGETED_DEVICE_FAMILY = "1,2";
				TEST_TARGET_NAME = War;
			};
			name = Release;
		};
/* End XCBuildConfiguration section */

/* Begin XCConfigurationList section */
		4050FD482167D12000C2D840 /* Build configuration list for PBXProject "War" */ = {
			isa = XCConfigurationList;
			buildConfigurations = (
				4050FD732167D12000C2D840 /* Debug */,
				4050FD742167D12000C2D840 /* Release */,
			);
			defaultConfigurationIsVisible = 0;
			defaultConfigurationName = Release;
		};
		4050FD752167D12000C2D840 /* Build configuration list for PBXNativeTarget "War" */ = {
			isa = XCConfigurationList;
			buildConfigurations = (
				4050FD762167D12000C2D840 /* Debug */,
				4050FD772167D12000C2D840 /* Release */,
			);
			defaultConfigurationIsVisible = 0;
			defaultConfigurationName = Release;
		};
		4050FD782167D12000C2D840 /* Build configuration list for PBXNativeTarget "WarTests" */ = {
			isa = XCConfigurationList;
			buildConfigurations = (
				4050FD792167D12000C2D840 /* Debug */,
				4050FD7A2167D12000C2D840 /* Release */,
			);
			defaultConfigurationIsVisible = 0;
			defaultConfigurationName = Release;
		};
		4050FD7B2167D12000C2D840 /* Build configuration list for PBXNativeTarget "WarUITests" */ = {
			isa = XCConfigurationList;
			buildConfigurations = (
				4050FD7C2167D12000C2D840 /* Debug */,
				4050FD7D2167D12000C2D840 /* Release */,
			);
			defaultConfigurationIsVisible = 0;
			defaultConfigurationName = Release;
		};
/* End XCConfigurationList section */
	};
	rootObject = 4050FD452167D12000C2D840 /* Project object */;
}
